# THIS IS AN AUTOGENERATED FILE. DO NOT EDIT THIS FILE DIRECTLY.
# yarn lockfile v1


zone.js@~0.14.0:
  version "0.14.10"
  resolved "https://registry.yarnpkg.com/zone.js/-/zone.js-0.14.10.tgz#23b8b29687c6bffece996e5ee5b854050e7775c8"
  integrity sha512-YGAhaO7J5ywOXW6InXNlLmfU194F8lVgu7bRntUF3TiG8Y3nBK0x1UJJuHUP/e8IyihkjCYqhCScpSwnlaSRkQ==
